
Microsoft Visual Studio Solution File, Format Version 12.00
# Visual Studio Version 17
VisualStudioVersion = 17.1.32210.238
MinimumVisualStudioVersion = 10.0.40219.1
Project("{8BC9CEB8-8B4A-11D0-8D11-00A0C91BC942}") = "UI", "UI\UI.vcxproj", "{94BFF60E-5469-4CA5-AA0F-B2FA2DAA1B60}"
	ProjectSection(ProjectDependencies) = postProject
		{A258FA57-3D44-44D3-A3CF-06318CE53424} = {A258FA57-3D44-44D3-A3CF-06318CE53424}
		{77C7937B-F198-4F30-A54B-6329D403DE75} = {77C7937B-F198-4F30-A54B-6329D403DE75}
		{E48EE7BD-8D83-4366-B6B6-A1866CD5530B} = {E48EE7BD-8D83-4366-B6B6-A1866CD5530B}
		{459FE0DB-3E10-4887-91FB-63F0493835AB} = {459FE0DB-3E10-4887-91FB-63F0493835AB}
	EndProjectSection
EndProject
Project("{8BC9CEB8-8B4A-11D0-8D11-00A0C91BC942}") = "Abilities", "Abilities\Abilities.vcxproj", "{459FE0DB-3E10-4887-91FB-63F0493835AB}"
	ProjectSection(ProjectDependencies) = postProject
		{A258FA57-3D44-44D3-A3CF-06318CE53424} = {A258FA57-3D44-44D3-A3CF-06318CE53424}
		{77C7937B-F198-4F30-A54B-6329D403DE75} = {77C7937B-F198-4F30-A54B-6329D403DE75}
		{F61250B5-8256-4F8E-95A0-94A9B677943E} = {F61250B5-8256-4F8E-95A0-94A9B677943E}
	EndProjectSection
EndProject
Project("{8BC9CEB8-8B4A-11D0-8D11-00A0C91BC942}") = "DevUtils", "DevUtils\DevUtils.vcxproj", "{A258FA57-3D44-44D3-A3CF-06318CE53424}"
	ProjectSection(ProjectDependencies) = postProject
		{77C7937B-F198-4F30-A54B-6329D403DE75} = {77C7937B-F198-4F30-A54B-6329D403DE75}
	EndProjectSection
EndProject
Project("{8BC9CEB8-8B4A-11D0-8D11-00A0C91BC942}") = "Application", "Application\Application.vcxproj", "{F61250B5-8256-4F8E-95A0-94A9B677943E}"
	ProjectSection(ProjectDependencies) = postProject
		{3659EB1E-6836-4575-99B4-9A2FC880360D} = {3659EB1E-6836-4575-99B4-9A2FC880360D}
		{A258FA57-3D44-44D3-A3CF-06318CE53424} = {A258FA57-3D44-44D3-A3CF-06318CE53424}
		{77C7937B-F198-4F30-A54B-6329D403DE75} = {77C7937B-F198-4F30-A54B-6329D403DE75}
		{E48EE7BD-8D83-4366-B6B6-A1866CD5530B} = {E48EE7BD-8D83-4366-B6B6-A1866CD5530B}
	EndProjectSection
EndProject
Project("{8BC9CEB8-8B4A-11D0-8D11-00A0C91BC942}") = "Controls", "Controls\Controls.vcxproj", "{E48EE7BD-8D83-4366-B6B6-A1866CD5530B}"
	ProjectSection(ProjectDependencies) = postProject
		{A258FA57-3D44-44D3-A3CF-06318CE53424} = {A258FA57-3D44-44D3-A3CF-06318CE53424}
		{77C7937B-F198-4F30-A54B-6329D403DE75} = {77C7937B-F198-4F30-A54B-6329D403DE75}
	EndProjectSection
EndProject
Project("{8BC9CEB8-8B4A-11D0-8D11-00A0C91BC942}") = "AI", "AI\AI.vcxproj", "{3659EB1E-6836-4575-99B4-9A2FC880360D}"
	ProjectSection(ProjectDependencies) = postProject
		{A258FA57-3D44-44D3-A3CF-06318CE53424} = {A258FA57-3D44-44D3-A3CF-06318CE53424}
		{77C7937B-F198-4F30-A54B-6329D403DE75} = {77C7937B-F198-4F30-A54B-6329D403DE75}
	EndProjectSection
EndProject
Project("{8BC9CEB8-8B4A-11D0-8D11-00A0C91BC942}") = "Core", "Core\Core.vcxproj", "{77C7937B-F198-4F30-A54B-6329D403DE75}"
EndProject
Project("{8BC9CEB8-8B4A-11D0-8D11-00A0C91BC942}") = "WackyAdventuresofStevieAndTheBoys", "WackyAdventuresofStevieAndTheBoys\WackyAdventuresofStevieAndTheBoys.vcxproj", "{1D0926EF-6522-496C-9BFF-204D6BE9DCE8}"
	ProjectSection(ProjectDependencies) = postProject
		{94BFF60E-5469-4CA5-AA0F-B2FA2DAA1B60} = {94BFF60E-5469-4CA5-AA0F-B2FA2DAA1B60}
	EndProjectSection
EndProject
Project("{8BC9CEB8-8B4A-11D0-8D11-00A0C91BC942}") = "BatchMode", "BatchMode\BatchMode.vcxproj", "{8BE18014-BE2E-4F88-A7D2-4B2082400D48}"
	ProjectSection(ProjectDependencies) = postProject
		{3659EB1E-6836-4575-99B4-9A2FC880360D} = {3659EB1E-6836-4575-99B4-9A2FC880360D}
		{A258FA57-3D44-44D3-A3CF-06318CE53424} = {A258FA57-3D44-44D3-A3CF-06318CE53424}
		{77C7937B-F198-4F30-A54B-6329D403DE75} = {77C7937B-F198-4F30-A54B-6329D403DE75}
		{E48EE7BD-8D83-4366-B6B6-A1866CD5530B} = {E48EE7BD-8D83-4366-B6B6-A1866CD5530B}
		{459FE0DB-3E10-4887-91FB-63F0493835AB} = {459FE0DB-3E10-4887-91FB-63F0493835AB}
	EndProjectSection
EndProject
Global
	GlobalSection(SolutionConfigurationPlatforms) = preSolution
		Debug|x64 = Debug|x64
		Debug|x86 = Debug|x86
		Release|x64 = Release|x64
		Release|x86 = Release|x86
	EndGlobalSection
	GlobalSection(ProjectConfigurationPlatforms) = postSolution
		{94BFF60E-5469-4CA5-AA0F-B2FA2DAA1B60}.Debug|x64.ActiveCfg = Debug|Win32
		{94BFF60E-5469-4CA5-AA0F-B2FA2DAA1B60}.Debug|x64.Build.0 = Debug|Win32
		{94BFF60E-5469-4CA5-AA0F-B2FA2DAA1B60}.Debug|x86.ActiveCfg = Debug|Win32
		{94BFF60E-5469-4CA5-AA0F-B2FA2DAA1B60}.Debug|x86.Build.0 = Debug|Win32
		{94BFF60E-5469-4CA5-AA0F-B2FA2DAA1B60}.Release|x64.ActiveCfg = Release|x64
		{94BFF60E-5469-4CA5-AA0F-B2FA2DAA1B60}.Release|x64.Build.0 = Release|x64
		{94BFF60E-5469-4CA5-AA0F-B2FA2DAA1B60}.Release|x86.ActiveCfg = Release|Win32
		{94BFF60E-5469-4CA5-AA0F-B2FA2DAA1B60}.Release|x86.Build.0 = Release|Win32
		{459FE0DB-3E10-4887-91FB-63F0493835AB}.Debug|x64.ActiveCfg = Debug|Win32
		{459FE0DB-3E10-4887-91FB-63F0493835AB}.Debug|x64.Build.0 = Debug|Win32
		{459FE0DB-3E10-4887-91FB-63F0493835AB}.Debug|x86.ActiveCfg = Debug|Win32
		{459FE0DB-3E10-4887-91FB-63F0493835AB}.Debug|x86.Build.0 = Debug|Win32
		{459FE0DB-3E10-4887-91FB-63F0493835AB}.Release|x64.ActiveCfg = Release|x64
		{459FE0DB-3E10-4887-91FB-63F0493835AB}.Release|x64.Build.0 = Release|x64
		{459FE0DB-3E10-4887-91FB-63F0493835AB}.Release|x86.ActiveCfg = Release|Win32
		{459FE0DB-3E10-4887-91FB-63F0493835AB}.Release|x86.Build.0 = Release|Win32
		{A258FA57-3D44-44D3-A3CF-06318CE53424}.Debug|x64.ActiveCfg = Debug|Win32
		{A258FA57-3D44-44D3-A3CF-06318CE53424}.Debug|x64.Build.0 = Debug|Win32
		{A258FA57-3D44-44D3-A3CF-06318CE53424}.Debug|x86.ActiveCfg = Debug|Win32
		{A258FA57-3D44-44D3-A3CF-06318CE53424}.Debug|x86.Build.0 = Debug|Win32
		{A258FA57-3D44-44D3-A3CF-06318CE53424}.Release|x64.ActiveCfg = Release|x64
		{A258FA57-3D44-44D3-A3CF-06318CE53424}.Release|x64.Build.0 = Release|x64
		{A258FA57-3D44-44D3-A3CF-06318CE53424}.Release|x86.ActiveCfg = Release|Win32
		{A258FA57-3D44-44D3-A3CF-06318CE53424}.Release|x86.Build.0 = Release|Win32
		{F61250B5-8256-4F8E-95A0-94A9B677943E}.Debug|x64.ActiveCfg = Debug|Win32
		{F61250B5-8256-4F8E-95A0-94A9B677943E}.Debug|x64.Build.0 = Debug|Win32
		{F61250B5-8256-4F8E-95A0-94A9B677943E}.Debug|x86.ActiveCfg = Debug|Win32
		{F61250B5-8256-4F8E-95A0-94A9B677943E}.Debug|x86.Build.0 = Debug|Win32
		{F61250B5-8256-4F8E-95A0-94A9B677943E}.Release|x64.ActiveCfg = Release|x64
		{F61250B5-8256-4F8E-95A0-94A9B677943E}.Release|x64.Build.0 = Release|x64
		{F61250B5-8256-4F8E-95A0-94A9B677943E}.Release|x86.ActiveCfg = Release|Win32
		{F61250B5-8256-4F8E-95A0-94A9B677943E}.Release|x86.Build.0 = Release|Win32
		{E48EE7BD-8D83-4366-B6B6-A1866CD5530B}.Debug|x64.ActiveCfg = Debug|Win32
		{E48EE7BD-8D83-4366-B6B6-A1866CD5530B}.Debug|x64.Build.0 = Debug|Win32
		{E48EE7BD-8D83-4366-B6B6-A1866CD5530B}.Debug|x86.ActiveCfg = Debug|Win32
		{E48EE7BD-8D83-4366-B6B6-A1866CD5530B}.Debug|x86.Build.0 = Debug|Win32
		{E48EE7BD-8D83-4366-B6B6-A1866CD5530B}.Release|x64.ActiveCfg = Release|x64
		{E48EE7BD-8D83-4366-B6B6-A1866CD5530B}.Release|x64.Build.0 = Release|x64
		{E48EE7BD-8D83-4366-B6B6-A1866CD5530B}.Release|x86.ActiveCfg = Release|Win32
		{E48EE7BD-8D83-4366-B6B6-A1866CD5530B}.Release|x86.Build.0 = Release|Win32
		{3659EB1E-6836-4575-99B4-9A2FC880360D}.Debug|x64.ActiveCfg = Debug|Win32
		{3659EB1E-6836-4575-99B4-9A2FC880360D}.Debug|x64.Build.0 = Debug|Win32
		{3659EB1E-6836-4575-99B4-9A2FC880360D}.Debug|x86.ActiveCfg = Debug|Win32
		{3659EB1E-6836-4575-99B4-9A2FC880360D}.Debug|x86.Build.0 = Debug|Win32
		{3659EB1E-6836-4575-99B4-9A2FC880360D}.Release|x64.ActiveCfg = Release|x64
		{3659EB1E-6836-4575-99B4-9A2FC880360D}.Release|x64.Build.0 = Release|x64
		{3659EB1E-6836-4575-99B4-9A2FC880360D}.Release|x86.ActiveCfg = Release|Win32
		{3659EB1E-6836-4575-99B4-9A2FC880360D}.Release|x86.Build.0 = Release|Win32
		{77C7937B-F198-4F30-A54B-6329D403DE75}.Debug|x64.ActiveCfg = Debug|Win32
		{77C7937B-F198-4F30-A54B-6329D403DE75}.Debug|x64.Build.0 = Debug|Win32
		{77C7937B-F198-4F30-A54B-6329D403DE75}.Debug|x86.ActiveCfg = Debug|Win32
		{77C7937B-F198-4F30-A54B-6329D403DE75}.Debug|x86.Build.0 = Debug|Win32
		{77C7937B-F198-4F30-A54B-6329D403DE75}.Release|x64.ActiveCfg = Release|x64
		{77C7937B-F198-4F30-A54B-6329D403DE75}.Release|x64.Build.0 = Release|x64
		{77C7937B-F198-4F30-A54B-6329D403DE75}.Release|x86.ActiveCfg = Release|Win32
		{77C7937B-F198-4F30-A54B-6329D403DE75}.Release|x86.Build.0 = Release|Win32
		{1D0926EF-6522-496C-9BFF-204D6BE9DCE8}.Debug|x64.ActiveCfg = Debug|Win32
		{1D0926EF-6522-496C-9BFF-204D6BE9DCE8}.Debug|x64.Build.0 = Debug|Win32
		{1D0926EF-6522-496C-9BFF-204D6BE9DCE8}.Debug|x86.ActiveCfg = Debug|Win32
		{1D0926EF-6522-496C-9BFF-204D6BE9DCE8}.Debug|x86.Build.0 = Debug|Win32
		{1D0926EF-6522-496C-9BFF-204D6BE9DCE8}.Release|x64.ActiveCfg = Release|x64
		{1D0926EF-6522-496C-9BFF-204D6BE9DCE8}.Release|x64.Build.0 = Release|x64
		{1D0926EF-6522-496C-9BFF-204D6BE9DCE8}.Release|x86.ActiveCfg = Release|Win32
		{1D0926EF-6522-496C-9BFF-204D6BE9DCE8}.Release|x86.Build.0 = Release|Win32
		{8BE18014-BE2E-4F88-A7D2-4B2082400D48}.Debug|x64.ActiveCfg = Debug|Win32
		{8BE18014-BE2E-4F88-A7D2-4B2082400D48}.Debug|x64.Build.0 = Debug|Win32
		{8BE18014-BE2E-4F88-A7D2-4B2082400D48}.Debug|x86.ActiveCfg = Debug|Win32
		{8BE18014-BE2E-4F88-A7D2-4B2082400D48}.Debug|x86.Build.0 = Debug|Win32
		{8BE18014-BE2E-4F88-A7D2-4B2082400D48}.Release|x64.ActiveCfg = Release|x64
		{8BE18014-BE2E-4F88-A7D2-4B2082400D48}.Release|x64.Build.0 = Release|x64
		{8BE18014-BE2E-4F88-A7D2-4B2082400D48}.Release|x86.ActiveCfg = Release|Win32
		{8BE18014-BE2E-4F88-A7D2-4B2082400D48}.Release|x86.Build.0 = Release|Win32
	EndGlobalSection
	GlobalSection(SolutionProperties) = preSolution
		HideSolutionNode = FALSE
	EndGlobalSection
	GlobalSection(ExtensibilityGlobals) = postSolution
		SolutionGuid = {621824FB-477B-4504-A175-FBA7841F99FD}
	EndGlobalSection
EndGlobal
